// !$*UTF8*$!
{
	archiveVersion = 1;
	classes = {
	};
	objectVersion = 56;
	objects = {

/* Begin PBXBuildFile section */
		039C2C8C2E6CB21100047336 /* AppDelegate.swift in Sources */ = {isa = PBXBuildFile; fileRef = 039C2C8B2E6CB21100047336 /* AppDelegate.swift */; };
		039C2C902E6CB21100047336 /* Base in Resources */ = {isa = PBXBuildFile; fileRef = 039C2C8F2E6CB21100047336 /* Base */; };
		039C2C922E6CB21100047336 /* Icon.png in Resources */ = {isa = PBXBuildFile; fileRef = 039C2C912E6CB21100047336 /* Icon.png */; };
		039C2C942E6CB21100047336 /* Style.css in Resources */ = {isa = PBXBuildFile; fileRef = 039C2C932E6CB21100047336 /* Style.css */; };
		039C2C962E6CB21100047336 /* Script.js in Resources */ = {isa = PBXBuildFile; fileRef = 039C2C952E6CB21100047336 /* Script.js */; };
		039C2C982E6CB21100047336 /* ViewController.swift in Sources */ = {isa = PBXBuildFile; fileRef = 039C2C972E6CB21100047336 /* ViewController.swift */; };
		039C2C9B2E6CB21100047336 /* Base in Resources */ = {isa = PBXBuildFile; fileRef = 039C2C9A2E6CB21100047336 /* Base */; };
		039C2C9D2E6CB21200047336 /* Assets.xcassets in Resources */ = {isa = PBXBuildFile; fileRef = 039C2C9C2E6CB21200047336 /* Assets.xcassets */; };
		039C2CA62E6CB21200047336 /* samext-safari Extension.appex in Embed Foundation Extensions */ = {isa = PBXBuildFile; fileRef = 039C2CA52E6CB21200047336 /* samext-safari Extension.appex */; settings = {ATTRIBUTES = (RemoveHeadersOnCopy, ); }; };
		039C2CAB2E6CB21200047336 /* SafariWebExtensionHandler.swift in Sources */ = {isa = PBXBuildFile; fileRef = 039C2CAA2E6CB21200047336 /* SafariWebExtensionHandler.swift */; };
		039C2CC82E6CB21200047336 /* popup.js in Resources */ = {isa = PBXBuildFile; fileRef = 039C2CB82E6CB21200047336 /* popup.js */; };
		039C2CC92E6CB21200047336 /* background.js in Resources */ = {isa = PBXBuildFile; fileRef = 039C2CB92E6CB21200047336 /* background.js */; };
		039C2CCA2E6CB21200047336 /* images in Resources */ = {isa = PBXBuildFile; fileRef = 039C2CBA2E6CB21200047336 /* images */; };
		039C2CCB2E6CB21200047336 /* popup.html in Resources */ = {isa = PBXBuildFile; fileRef = 039C2CBB2E6CB21200047336 /* popup.html */; };
		039C2CCC2E6CB21200047336 /* node_modules in Resources */ = {isa = PBXBuildFile; fileRef = 039C2CBC2E6CB21200047336 /* node_modules */; };
		039C2CCD2E6CB21200047336 /* popup.min.js in Resources */ = {isa = PBXBuildFile; fileRef = 039C2CBD2E6CB21200047336 /* popup.min.js */; };
		039C2CCE2E6CB21200047336 /* background.min.js in Resources */ = {isa = PBXBuildFile; fileRef = 039C2CBE2E6CB21200047336 /* background.min.js */; };
		039C2CCF2E6CB21200047336 /* README.md in Resources */ = {isa = PBXBuildFile; fileRef = 039C2CBF2E6CB21200047336 /* README.md */; };
		039C2CD02E6CB21200047336 /* package-lock.json in Resources */ = {isa = PBXBuildFile; fileRef = 039C2CC02E6CB21200047336 /* package-lock.json */; };
		039C2CD12E6CB21200047336 /* package.json in Resources */ = {isa = PBXBuildFile; fileRef = 039C2CC12E6CB21200047336 /* package.json */; };
		039C2CD22E6CB21200047336 /* mutex.js in Resources */ = {isa = PBXBuildFile; fileRef = 039C2CC22E6CB21200047336 /* mutex.js */; };
		039C2CD32E6CB21200047336 /* release.config.js in Resources */ = {isa = PBXBuildFile; fileRef = 039C2CC32E6CB21200047336 /* release.config.js */; };
		039C2CD42E6CB21200047336 /* manifest.json in Resources */ = {isa = PBXBuildFile; fileRef = 039C2CC42E6CB21200047336 /* manifest.json */; };
		039C2CD52E6CB21200047336 /* samext.zip in Resources */ = {isa = PBXBuildFile; fileRef = 039C2CC52E6CB21200047336 /* samext.zip */; };
		039C2CD62E6CB21200047336 /* tabs-history.js in Resources */ = {isa = PBXBuildFile; fileRef = 039C2CC62E6CB21200047336 /* tabs-history.js */; };
		039C2CD72E6CB21200047336 /* samext-safari in Resources */ = {isa = PBXBuildFile; fileRef = 039C2CC72E6CB21200047336 /* samext-safari */; };
/* End PBXBuildFile section */

/* Begin PBXContainerItemProxy section */
		039C2CA72E6CB21200047336 /* PBXContainerItemProxy */ = {
			isa = PBXContainerItemProxy;
			containerPortal = 039C2C802E6CB21100047336 /* Project object */;
			proxyType = 1;
			remoteGlobalIDString = 039C2CA42E6CB21200047336;
			remoteInfo = "samext-safari Extension";
		};
/* End PBXContainerItemProxy section */

/* Begin PBXCopyFilesBuildPhase section */
		039C2CB32E6CB21200047336 /* Embed Foundation Extensions */ = {
			isa = PBXCopyFilesBuildPhase;
			buildActionMask = 2147483647;
			dstPath = "";
			dstSubfolderSpec = 13;
			files = (
				039C2CA62E6CB21200047336 /* samext-safari Extension.appex in Embed Foundation Extensions */,
			);
			name = "Embed Foundation Extensions";
			runOnlyForDeploymentPostprocessing = 0;
		};
/* End PBXCopyFilesBuildPhase section */

/* Begin PBXFileReference section */
		039C2C882E6CB21100047336 /* samext-safari.app */ = {isa = PBXFileReference; explicitFileType = wrapper.application; includeInIndex = 0; path = "samext-safari.app"; sourceTree = BUILT_PRODUCTS_DIR; };
		039C2C8B2E6CB21100047336 /* AppDelegate.swift */ = {isa = PBXFileReference; lastKnownFileType = sourcecode.swift; path = AppDelegate.swift; sourceTree = "<group>"; };
		039C2C8F2E6CB21100047336 /* Base */ = {isa = PBXFileReference; lastKnownFileType = text.html; name = Base; path = ../Base.lproj/Main.html; sourceTree = "<group>"; };
		039C2C912E6CB21100047336 /* Icon.png */ = {isa = PBXFileReference; lastKnownFileType = image.png; path = Icon.png; sourceTree = "<group>"; };
		039C2C932E6CB21100047336 /* Style.css */ = {isa = PBXFileReference; lastKnownFileType = text.css; path = Style.css; sourceTree = "<group>"; };
		039C2C952E6CB21100047336 /* Script.js */ = {isa = PBXFileReference; lastKnownFileType = sourcecode.javascript; path = Script.js; sourceTree = "<group>"; };
		039C2C972E6CB21100047336 /* ViewController.swift */ = {isa = PBXFileReference; lastKnownFileType = sourcecode.swift; path = ViewController.swift; sourceTree = "<group>"; };
		039C2C9A2E6CB21100047336 /* Base */ = {isa = PBXFileReference; lastKnownFileType = file.storyboard; name = Base; path = Base.lproj/Main.storyboard; sourceTree = "<group>"; };
		039C2C9C2E6CB21200047336 /* Assets.xcassets */ = {isa = PBXFileReference; lastKnownFileType = folder.assetcatalog; path = Assets.xcassets; sourceTree = "<group>"; };
		039C2C9E2E6CB21200047336 /* Info.plist */ = {isa = PBXFileReference; lastKnownFileType = text.plist.xml; path = Info.plist; sourceTree = "<group>"; };
		039C2C9F2E6CB21200047336 /* samext_safari.entitlements */ = {isa = PBXFileReference; lastKnownFileType = text.plist.entitlements; path = samext_safari.entitlements; sourceTree = "<group>"; };
		039C2CA02E6CB21200047336 /* samext-safari.entitlements */ = {isa = PBXFileReference; lastKnownFileType = text.plist.entitlements; path = "samext-safari.entitlements"; sourceTree = "<group>"; };
		039C2CA52E6CB21200047336 /* samext-safari Extension.appex */ = {isa = PBXFileReference; explicitFileType = "wrapper.app-extension"; includeInIndex = 0; path = "samext-safari Extension.appex"; sourceTree = BUILT_PRODUCTS_DIR; };
		039C2CAA2E6CB21200047336 /* SafariWebExtensionHandler.swift */ = {isa = PBXFileReference; lastKnownFileType = sourcecode.swift; path = SafariWebExtensionHandler.swift; sourceTree = "<group>"; };
		039C2CAC2E6CB21200047336 /* Info.plist */ = {isa = PBXFileReference; lastKnownFileType = text.plist.xml; path = Info.plist; sourceTree = "<group>"; };
		039C2CAD2E6CB21200047336 /* samext_safari_Extension.entitlements */ = {isa = PBXFileReference; lastKnownFileType = text.plist.entitlements; path = samext_safari_Extension.entitlements; sourceTree = "<group>"; };
		039C2CB82E6CB21200047336 /* popup.js */ = {isa = PBXFileReference; lastKnownFileType = sourcecode.javascript; name = popup.js; path = ../../popup.js; sourceTree = "<group>"; };
		039C2CB92E6CB21200047336 /* background.js */ = {isa = PBXFileReference; lastKnownFileType = sourcecode.javascript; name = background.js; path = ../../background.js; sourceTree = "<group>"; };
		039C2CBA2E6CB21200047336 /* images */ = {isa = PBXFileReference; lastKnownFileType = folder; name = images; path = ../../images; sourceTree = "<group>"; };
		039C2CBB2E6CB21200047336 /* popup.html */ = {isa = PBXFileReference; lastKnownFileType = text.html; name = popup.html; path = ../../popup.html; sourceTree = "<group>"; };
		039C2CBC2E6CB21200047336 /* node_modules */ = {isa = PBXFileReference; lastKnownFileType = folder; name = node_modules; path = ../../node_modules; sourceTree = "<group>"; };
		039C2CBD2E6CB21200047336 /* popup.min.js */ = {isa = PBXFileReference; lastKnownFileType = sourcecode.javascript; name = popup.min.js; path = ../../popup.min.js; sourceTree = "<group>"; };
		039C2CBE2E6CB21200047336 /* background.min.js */ = {isa = PBXFileReference; lastKnownFileType = sourcecode.javascript; name = background.min.js; path = ../../background.min.js; sourceTree = "<group>"; };
		039C2CBF2E6CB21200047336 /* README.md */ = {isa = PBXFileReference; lastKnownFileType = net.daringfireball.markdown; name = README.md; path = ../../README.md; sourceTree = "<group>"; };
		039C2CC02E6CB21200047336 /* package-lock.json */ = {isa = PBXFileReference; lastKnownFileType = text.json; name = "package-lock.json"; path = "../../package-lock.json"; sourceTree = "<group>"; };
		039C2CC12E6CB21200047336 /* package.json */ = {isa = PBXFileReference; lastKnownFileType = text.json; name = package.json; path = ../../package.json; sourceTree = "<group>"; };
		039C2CC22E6CB21200047336 /* mutex.js */ = {isa = PBXFileReference; lastKnownFileType = sourcecode.javascript; name = mutex.js; path = ../../mutex.js; sourceTree = "<group>"; };
		039C2CC32E6CB21200047336 /* release.config.js */ = {isa = PBXFileReference; lastKnownFileType = sourcecode.javascript; name = release.config.js; path = ../../release.config.js; sourceTree = "<group>"; };
		039C2CC42E6CB21200047336 /* manifest.json */ = {isa = PBXFileReference; lastKnownFileType = text.json; name = manifest.json; path = ../../manifest.json; sourceTree = "<group>"; };
		039C2CC52E6CB21200047336 /* samext.zip */ = {isa = PBXFileReference; lastKnownFileType = archive.zip; name = samext.zip; path = ../../samext.zip; sourceTree = "<group>"; };
		039C2CC62E6CB21200047336 /* tabs-history.js */ = {isa = PBXFileReference; lastKnownFileType = sourcecode.javascript; name = "tabs-history.js"; path = "../../tabs-history.js"; sourceTree = "<group>"; };
		039C2CC72E6CB21200047336 /* samext-safari */ = {isa = PBXFileReference; lastKnownFileType = folder; name = "samext-safari"; sourceTree = SOURCE_ROOT; };
/* End PBXFileReference section */

/* Begin PBXFrameworksBuildPhase section */
		039C2C852E6CB21100047336 /* Frameworks */ = {
			isa = PBXFrameworksBuildPhase;
			buildActionMask = 2147483647;
			files = (
			);
			runOnlyForDeploymentPostprocessing = 0;
		};
		039C2CA22E6CB21200047336 /* Frameworks */ = {
			isa = PBXFrameworksBuildPhase;
			buildActionMask = 2147483647;
			files = (
			);
			runOnlyForDeploymentPostprocessing = 0;
		};
/* End PBXFrameworksBuildPhase section */

/* Begin PBXGroup section */
		039C2C7F2E6CB21100047336 = {
			isa = PBXGroup;
			children = (
				039C2C8A2E6CB21100047336 /* samext-safari */,
				039C2CA92E6CB21200047336 /* samext-safari Extension */,
				039C2C892E6CB21100047336 /* Products */,
			);
			sourceTree = "<group>";
		};
		039C2C892E6CB21100047336 /* Products */ = {
			isa = PBXGroup;
			children = (
				039C2C882E6CB21100047336 /* samext-safari.app */,
				039C2CA52E6CB21200047336 /* samext-safari Extension.appex */,
			);
			name = Products;
			sourceTree = "<group>";
		};
		039C2C8A2E6CB21100047336 /* samext-safari */ = {
			isa = PBXGroup;
			children = (
				039C2C8B2E6CB21100047336 /* AppDelegate.swift */,
				039C2C972E6CB21100047336 /* ViewController.swift */,
				039C2C992E6CB21100047336 /* Main.storyboard */,
				039C2C9C2E6CB21200047336 /* Assets.xcassets */,
				039C2C9E2E6CB21200047336 /* Info.plist */,
				039C2C9F2E6CB21200047336 /* samext_safari.entitlements */,
				039C2CA02E6CB21200047336 /* samext-safari.entitlements */,
				039C2C8D2E6CB21100047336 /* Resources */,
			);
			path = "samext-safari";
			sourceTree = "<group>";
		};
		039C2C8D2E6CB21100047336 /* Resources */ = {
			isa = PBXGroup;
			children = (
				039C2C8E2E6CB21100047336 /* Main.html */,
				039C2C912E6CB21100047336 /* Icon.png */,
				039C2C932E6CB21100047336 /* Style.css */,
				039C2C952E6CB21100047336 /* Script.js */,
			);
			path = Resources;
			sourceTree = "<group>";
		};
		039C2CA92E6CB21200047336 /* samext-safari Extension */ = {
			isa = PBXGroup;
			children = (
				039C2CB72E6CB21200047336 /* Resources */,
				039C2CAA2E6CB21200047336 /* SafariWebExtensionHandler.swift */,
				039C2CAC2E6CB21200047336 /* Info.plist */,
				039C2CAD2E6CB21200047336 /* samext_safari_Extension.entitlements */,
			);
			path = "samext-safari Extension";
			sourceTree = "<group>";
		};
		039C2CB72E6CB21200047336 /* Resources */ = {
			isa = PBXGroup;
			children = (
				039C2CB82E6CB21200047336 /* popup.js */,
				039C2CB92E6CB21200047336 /* background.js */,
				039C2CBA2E6CB21200047336 /* images */,
				039C2CBB2E6CB21200047336 /* popup.html */,
				039C2CBC2E6CB21200047336 /* node_modules */,
				039C2CBD2E6CB21200047336 /* popup.min.js */,
				039C2CBE2E6CB21200047336 /* background.min.js */,
				039C2CBF2E6CB21200047336 /* README.md */,
				039C2CC02E6CB21200047336 /* package-lock.json */,
				039C2CC12E6CB21200047336 /* package.json */,
				039C2CC22E6CB21200047336 /* mutex.js */,
				039C2CC32E6CB21200047336 /* release.config.js */,
				039C2CC42E6CB21200047336 /* manifest.json */,
				039C2CC52E6CB21200047336 /* samext.zip */,
				039C2CC62E6CB21200047336 /* tabs-history.js */,
				039C2CC72E6CB21200047336 /* samext-safari */,
			);
			name = Resources;
			path = "samext-safari Extension";
			sourceTree = SOURCE_ROOT;
		};
/* End PBXGroup section */

/* Begin PBXNativeTarget section */
		039C2C872E6CB21100047336 /* samext-safari */ = {
			isa = PBXNativeTarget;
			buildConfigurationList = 039C2CB42E6CB21200047336 /* Build configuration list for PBXNativeTarget "samext-safari" */;
			buildPhases = (
				039C2C842E6CB21100047336 /* Sources */,
				039C2C852E6CB21100047336 /* Frameworks */,
				039C2C862E6CB21100047336 /* Resources */,
				039C2CB32E6CB21200047336 /* Embed Foundation Extensions */,
			);
			buildRules = (
			);
			dependencies = (
				039C2CA82E6CB21200047336 /* PBXTargetDependency */,
			);
			name = "samext-safari";
			productName = "samext-safari";
			productReference = 039C2C882E6CB21100047336 /* samext-safari.app */;
			productType = "com.apple.product-type.application";
		};
		039C2CA42E6CB21200047336 /* samext-safari Extension */ = {
			isa = PBXNativeTarget;
			buildConfigurationList = 039C2CB02E6CB21200047336 /* Build configuration list for PBXNativeTarget "samext-safari Extension" */;
			buildPhases = (
				039C2CA12E6CB21200047336 /* Sources */,
				039C2CA22E6CB21200047336 /* Frameworks */,
				039C2CA32E6CB21200047336 /* Resources */,
			);
			buildRules = (
			);
			dependencies = (
			);
			name = "samext-safari Extension";
			productName = "samext-safari Extension";
			productReference = 039C2CA52E6CB21200047336 /* samext-safari Extension.appex */;
			productType = "com.apple.product-type.app-extension";
		};
/* End PBXNativeTarget section */

/* Begin PBXProject section */
		039C2C802E6CB21100047336 /* Project object */ = {
			isa = PBXProject;
			attributes = {
				BuildIndependentTargetsInParallel = 1;
				LastSwiftUpdateCheck = 1540;
				LastUpgradeCheck = 1540;
				TargetAttributes = {
					039C2C872E6CB21100047336 = {
						CreatedOnToolsVersion = 15.4;
					};
					039C2CA42E6CB21200047336 = {
						CreatedOnToolsVersion = 15.4;
					};
				};
			};
			buildConfigurationList = 039C2C832E6CB21100047336 /* Build configuration list for PBXProject "samext-safari" */;
			compatibilityVersion = "Xcode 14.0";
			developmentRegion = en;
			hasScannedForEncodings = 0;
			knownRegions = (
				en,
				Base,
			);
			mainGroup = 039C2C7F2E6CB21100047336;
			productRefGroup = 039C2C892E6CB21100047336 /* Products */;
			projectDirPath = "";
			projectRoot = "";
			targets = (
				039C2C872E6CB21100047336 /* samext-safari */,
				039C2CA42E6CB21200047336 /* samext-safari Extension */,
			);
		};
/* End PBXProject section */

/* Begin PBXResourcesBuildPhase section */
		039C2C862E6CB21100047336 /* Resources */ = {
			isa = PBXResourcesBuildPhase;
			buildActionMask = 2147483647;
			files = (
				039C2C922E6CB21100047336 /* Icon.png in Resources */,
				039C2C962E6CB21100047336 /* Script.js in Resources */,
				039C2C902E6CB21100047336 /* Base in Resources */,
				039C2C942E6CB21100047336 /* Style.css in Resources */,
				039C2C9D2E6CB21200047336 /* Assets.xcassets in Resources */,
				039C2C9B2E6CB21100047336 /* Base in Resources */,
			);
			runOnlyForDeploymentPostprocessing = 0;
		};
		039C2CA32E6CB21200047336 /* Resources */ = {
			isa = PBXResourcesBuildPhase;
			buildActionMask = 2147483647;
			files = (
				039C2CCA2E6CB21200047336 /* images in Resources */,
				039C2CCD2E6CB21200047336 /* popup.min.js in Resources */,
				039C2CD72E6CB21200047336 /* samext-safari in Resources */,
				039C2CD02E6CB21200047336 /* package-lock.json in Resources */,
				039C2CD42E6CB21200047336 /* manifest.json in Resources */,
				039C2CCB2E6CB21200047336 /* popup.html in Resources */,
				039C2CD12E6CB21200047336 /* package.json in Resources */,
				039C2CD32E6CB21200047336 /* release.config.js in Resources */,
				039C2CD52E6CB21200047336 /* samext.zip in Resources */,
				039C2CD22E6CB21200047336 /* mutex.js in Resources */,
				039C2CCE2E6CB21200047336 /* background.min.js in Resources */,
				039C2CD62E6CB21200047336 /* tabs-history.js in Resources */,
				039C2CC92E6CB21200047336 /* background.js in Resources */,
				039C2CCC2E6CB21200047336 /* node_modules in Resources */,
				039C2CCF2E6CB21200047336 /* README.md in Resources */,
				039C2CC82E6CB21200047336 /* popup.js in Resources */,
			);
			runOnlyForDeploymentPostprocessing = 0;
		};
/* End PBXResourcesBuildPhase section */

/* Begin PBXSourcesBuildPhase section */
		039C2C842E6CB21100047336 /* Sources */ = {
			isa = PBXSourcesBuildPhase;
			buildActionMask = 2147483647;
			files = (
				039C2C982E6CB21100047336 /* ViewController.swift in Sources */,
				039C2C8C2E6CB21100047336 /* AppDelegate.swift in Sources */,
			);
			runOnlyForDeploymentPostprocessing = 0;
		};
		039C2CA12E6CB21200047336 /* Sources */ = {
			isa = PBXSourcesBuildPhase;
			buildActionMask = 2147483647;
			files = (
				039C2CAB2E6CB21200047336 /* SafariWebExtensionHandler.swift in Sources */,
			);
			runOnlyForDeploymentPostprocessing = 0;
		};
/* End PBXSourcesBuildPhase section */

/* Begin PBXTargetDependency section */
		039C2CA82E6CB21200047336 /* PBXTargetDependency */ = {
			isa = PBXTargetDependency;
			target = 039C2CA42E6CB21200047336 /* samext-safari Extension */;
			targetProxy = 039C2CA72E6CB21200047336 /* PBXContainerItemProxy */;
		};
/* End PBXTargetDependency section */

/* Begin PBXVariantGroup section */
		039C2C8E2E6CB21100047336 /* Main.html */ = {
			isa = PBXVariantGroup;
			children = (
				039C2C8F2E6CB21100047336 /* Base */,
			);
			name = Main.html;
			sourceTree = "<group>";
		};
		039C2C992E6CB21100047336 /* Main.storyboard */ = {
			isa = PBXVariantGroup;
			children = (
				039C2C9A2E6CB21100047336 /* Base */,
			);
			name = Main.storyboard;
			sourceTree = "<group>";
		};
/* End PBXVariantGroup section */

/* Begin XCBuildConfiguration section */
		039C2CAE2E6CB21200047336 /* Debug */ = {
			isa = XCBuildConfiguration;
			buildSettings = {
				ALWAYS_SEARCH_USER_PATHS = NO;
				ASSETCATALOG_COMPILER_GENERATE_SWIFT_ASSET_SYMBOL_EXTENSIONS = YES;
				CLANG_ANALYZER_NONNULL = YES;
				CLANG_ANALYZER_NUMBER_OBJECT_CONVERSION = YES_AGGRESSIVE;
				CLANG_CXX_LANGUAGE_STANDARD = "gnu++20";
				CLANG_ENABLE_MODULES = YES;
				CLANG_ENABLE_OBJC_ARC = YES;
				CLANG_ENABLE_OBJC_WEAK = YES;
				CLANG_WARN_BLOCK_CAPTURE_AUTORELEASING = YES;
				CLANG_WARN_BOOL_CONVERSION = YES;
				CLANG_WARN_COMMA = YES;
				CLANG_WARN_CONSTANT_CONVERSION = YES;
				CLANG_WARN_DEPRECATED_OBJC_IMPLEMENTATIONS = YES;
				CLANG_WARN_DIRECT_OBJC_ISA_USAGE = YES_ERROR;
				CLANG_WARN_DOCUMENTATION_COMMENTS = YES;
				CLANG_WARN_EMPTY_BODY = YES;
				CLANG_WARN_ENUM_CONVERSION = YES;
				CLANG_WARN_INFINITE_RECURSION = YES;
				CLANG_WARN_INT_CONVERSION = YES;
				CLANG_WARN_NON_LITERAL_NULL_CONVERSION = YES;
				CLANG_WARN_OBJC_IMPLICIT_RETAIN_SELF = YES;
				CLANG_WARN_OBJC_LITERAL_CONVERSION = YES;
				CLANG_WARN_OBJC_ROOT_CLASS = YES_ERROR;
				CLANG_WARN_QUOTED_INCLUDE_IN_FRAMEWORK_HEADER = YES;
				CLANG_WARN_RANGE_LOOP_ANALYSIS = YES;
				CLANG_WARN_STRICT_PROTOTYPES = YES;
				CLANG_WARN_SUSPICIOUS_MOVE = YES;
				CLANG_WARN_UNGUARDED_AVAILABILITY = YES_AGGRESSIVE;
				CLANG_WARN_UNREACHABLE_CODE = YES;
				CLANG_WARN__DUPLICATE_METHOD_MATCH = YES;
				COPY_PHASE_STRIP = NO;
				DEBUG_INFORMATION_FORMAT = dwarf;
				ENABLE_STRICT_OBJC_MSGSEND = YES;
				ENABLE_TESTABILITY = YES;
				ENABLE_USER_SCRIPT_SANDBOXING = YES;
				GCC_C_LANGUAGE_STANDARD = gnu17;
				GCC_DYNAMIC_NO_PIC = NO;
				GCC_NO_COMMON_BLOCKS = YES;
				GCC_OPTIMIZATION_LEVEL = 0;
				GCC_PREPROCESSOR_DEFINITIONS = (
					"DEBUG=1",
					"$(inherited)",
				);
				GCC_WARN_64_TO_32_BIT_CONVERSION = YES;
				GCC_WARN_ABOUT_RETURN_TYPE = YES_ERROR;
				GCC_WARN_UNDECLARED_SELECTOR = YES;
				GCC_WARN_UNINITIALIZED_AUTOS = YES_AGGRESSIVE;
				GCC_WARN_UNUSED_FUNCTION = YES;
				GCC_WARN_UNUSED_VARIABLE = YES;
				LOCALIZATION_PREFERS_STRING_CATALOGS = YES;
				MACOSX_DEPLOYMENT_TARGET = 14.4;
				MTL_ENABLE_DEBUG_INFO = INCLUDE_SOURCE;
				MTL_FAST_MATH = YES;
				ONLY_ACTIVE_ARCH = YES;
				SDKROOT = macosx;
				SWIFT_ACTIVE_COMPILATION_CONDITIONS = "DEBUG $(inherited)";
				SWIFT_OPTIMIZATION_LEVEL = "-Onone";
			};
			name = Debug;
		};
		039C2CAF2E6CB21200047336 /* Release */ = {
			isa = XCBuildConfiguration;
			buildSettings = {
				ALWAYS_SEARCH_USER_PATHS = NO;
				ASSETCATALOG_COMPILER_GENERATE_SWIFT_ASSET_SYMBOL_EXTENSIONS = YES;
				CLANG_ANALYZER_NONNULL = YES;
				CLANG_ANALYZER_NUMBER_OBJECT_CONVERSION = YES_AGGRESSIVE;
				CLANG_CXX_LANGUAGE_STANDARD = "gnu++20";
				CLANG_ENABLE_MODULES = YES;
				CLANG_ENABLE_OBJC_ARC = YES;
				CLANG_ENABLE_OBJC_WEAK = YES;
				CLANG_WARN_BLOCK_CAPTURE_AUTORELEASING = YES;
				CLANG_WARN_BOOL_CONVERSION = YES;
				CLANG_WARN_COMMA = YES;
				CLANG_WARN_CONSTANT_CONVERSION = YES;
				CLANG_WARN_DEPRECATED_OBJC_IMPLEMENTATIONS = YES;
				CLANG_WARN_DIRECT_OBJC_ISA_USAGE = YES_ERROR;
				CLANG_WARN_DOCUMENTATION_COMMENTS = YES;
				CLANG_WARN_EMPTY_BODY = YES;
				CLANG_WARN_ENUM_CONVERSION = YES;
				CLANG_WARN_INFINITE_RECURSION = YES;
				CLANG_WARN_INT_CONVERSION = YES;
				CLANG_WARN_NON_LITERAL_NULL_CONVERSION = YES;
				CLANG_WARN_OBJC_IMPLICIT_RETAIN_SELF = YES;
				CLANG_WARN_OBJC_LITERAL_CONVERSION = YES;
				CLANG_WARN_OBJC_ROOT_CLASS = YES_ERROR;
				CLANG_WARN_QUOTED_INCLUDE_IN_FRAMEWORK_HEADER = YES;
				CLANG_WARN_RANGE_LOOP_ANALYSIS = YES;
				CLANG_WARN_STRICT_PROTOTYPES = YES;
				CLANG_WARN_SUSPICIOUS_MOVE = YES;
				CLANG_WARN_UNGUARDED_AVAILABILITY = YES_AGGRESSIVE;
				CLANG_WARN_UNREACHABLE_CODE = YES;
				CLANG_WARN__DUPLICATE_METHOD_MATCH = YES;
				COPY_PHASE_STRIP = NO;
				DEBUG_INFORMATION_FORMAT = "dwarf-with-dsym";
				ENABLE_NS_ASSERTIONS = NO;
				ENABLE_STRICT_OBJC_MSGSEND = YES;
				ENABLE_USER_SCRIPT_SANDBOXING = YES;
				GCC_C_LANGUAGE_STANDARD = gnu17;
				GCC_NO_COMMON_BLOCKS = YES;
				GCC_WARN_64_TO_32_BIT_CONVERSION = YES;
				GCC_WARN_ABOUT_RETURN_TYPE = YES_ERROR;
				GCC_WARN_UNDECLARED_SELECTOR = YES;
				GCC_WARN_UNINITIALIZED_AUTOS = YES_AGGRESSIVE;
				GCC_WARN_UNUSED_FUNCTION = YES;
				GCC_WARN_UNUSED_VARIABLE = YES;
				LOCALIZATION_PREFERS_STRING_CATALOGS = YES;
				MACOSX_DEPLOYMENT_TARGET = 14.4;
				MTL_ENABLE_DEBUG_INFO = NO;
				MTL_FAST_MATH = YES;
				SDKROOT = macosx;
				SWIFT_COMPILATION_MODE = wholemodule;
			};
			name = Release;
		};
		039C2CB12E6CB21200047336 /* Debug */ = {
			isa = XCBuildConfiguration;
			buildSettings = {
				CODE_SIGN_ENTITLEMENTS = "samext-safari Extension/samext_safari_Extension.entitlements";
				CODE_SIGN_STYLE = Automatic;
				CURRENT_PROJECT_VERSION = 1;
				ENABLE_HARDENED_RUNTIME = YES;
				GENERATE_INFOPLIST_FILE = YES;
				INFOPLIST_FILE = "samext-safari Extension/Info.plist";
				INFOPLIST_KEY_CFBundleDisplayName = "samext-safari Extension";
				INFOPLIST_KEY_NSHumanReadableCopyright = "";
				LD_RUNPATH_SEARCH_PATHS = (
					"$(inherited)",
					"@executable_path/../Frameworks",
					"@executable_path/../../../../Frameworks",
				);
				MACOSX_DEPLOYMENT_TARGET = 10.14;
				MARKETING_VERSION = 1.0;
				OTHER_LDFLAGS = (
					"-framework",
					SafariServices,
				);
				PRODUCT_BUNDLE_IDENTIFIER = "co.samser.samext.samext-safari.Extension";
				PRODUCT_NAME = "$(TARGET_NAME)";
				SKIP_INSTALL = YES;
				SWIFT_EMIT_LOC_STRINGS = YES;
				SWIFT_VERSION = 5.0;
			};
			name = Debug;
		};
		039C2CB22E6CB21200047336 /* Release */ = {
			isa = XCBuildConfiguration;
			buildSettings = {
				CODE_SIGN_ENTITLEMENTS = "samext-safari Extension/samext_safari_Extension.entitlements";
				CODE_SIGN_STYLE = Automatic;
				CURRENT_PROJECT_VERSION = 1;
				ENABLE_HARDENED_RUNTIME = YES;
				GENERATE_INFOPLIST_FILE = YES;
				INFOPLIST_FILE = "samext-safari Extension/Info.plist";
				INFOPLIST_KEY_CFBundleDisplayName = "samext-safari Extension";
				INFOPLIST_KEY_NSHumanReadableCopyright = "";
				LD_RUNPATH_SEARCH_PATHS = (
					"$(inherited)",
					"@executable_path/../Frameworks",
					"@executable_path/../../../../Frameworks",
				);
				MACOSX_DEPLOYMENT_TARGET = 10.14;
				MARKETING_VERSION = 1.0;
				OTHER_LDFLAGS = (
					"-framework",
					SafariServices,
				);
				PRODUCT_BUNDLE_IDENTIFIER = "co.samser.samext.samext-safari.Extension";
				PRODUCT_NAME = "$(TARGET_NAME)";
				SKIP_INSTALL = YES;
				SWIFT_EMIT_LOC_STRINGS = YES;
				SWIFT_VERSION = 5.0;
			};
			name = Release;
		};
		039C2CB52E6CB21200047336 /* Debug */ = {
			isa = XCBuildConfiguration;
			buildSettings = {
				ALWAYS_EMBED_SWIFT_STANDARD_LIBRARIES = YES;
				ASSETCATALOG_COMPILER_APPICON_NAME = AppIcon;
				ASSETCATALOG_COMPILER_GLOBAL_ACCENT_COLOR_NAME = AccentColor;
				CODE_SIGN_ENTITLEMENTS = "samext-safari/samext-safari.entitlements";
				CODE_SIGN_STYLE = Automatic;
				COMBINE_HIDPI_IMAGES = YES;
				CURRENT_PROJECT_VERSION = 1;
				ENABLE_HARDENED_RUNTIME = YES;
				GENERATE_INFOPLIST_FILE = YES;
				INFOPLIST_FILE = "samext-safari/Info.plist";
				INFOPLIST_KEY_CFBundleDisplayName = "samext-safari";
				INFOPLIST_KEY_NSHumanReadableCopyright = "";
				INFOPLIST_KEY_NSMainStoryboardFile = Main;
				INFOPLIST_KEY_NSPrincipalClass = NSApplication;
				LD_RUNPATH_SEARCH_PATHS = (
					"$(inherited)",
					"@executable_path/../Frameworks",
				);
				MACOSX_DEPLOYMENT_TARGET = 10.14;
				MARKETING_VERSION = 1.0;
				OTHER_LDFLAGS = (
					"-framework",
					SafariServices,
					"-framework",
					WebKit,
				);
				PRODUCT_BUNDLE_IDENTIFIER = "co.samser.samext.samext-safari";
				PRODUCT_NAME = "$(TARGET_NAME)";
				SWIFT_EMIT_LOC_STRINGS = YES;
				SWIFT_VERSION = 5.0;
			};
			name = Debug;
		};
		039C2CB62E6CB21200047336 /* Release */ = {
			isa = XCBuildConfiguration;
			buildSettings = {
				ALWAYS_EMBED_SWIFT_STANDARD_LIBRARIES = YES;
				ASSETCATALOG_COMPILER_APPICON_NAME = AppIcon;
				ASSETCATALOG_COMPILER_GLOBAL_ACCENT_COLOR_NAME = AccentColor;
				CODE_SIGN_ENTITLEMENTS = "samext-safari/samext-safari.entitlements";
				CODE_SIGN_STYLE = Automatic;
				COMBINE_HIDPI_IMAGES = YES;
				CURRENT_PROJECT_VERSION = 1;
				ENABLE_HARDENED_RUNTIME = YES;
				GENERATE_INFOPLIST_FILE = YES;
				INFOPLIST_FILE = "samext-safari/Info.plist";
				INFOPLIST_KEY_CFBundleDisplayName = "samext-safari";
				INFOPLIST_KEY_NSHumanReadableCopyright = "";
				INFOPLIST_KEY_NSMainStoryboardFile = Main;
				INFOPLIST_KEY_NSPrincipalClass = NSApplication;
				LD_RUNPATH_SEARCH_PATHS = (
					"$(inherited)",
					"@executable_path/../Frameworks",
				);
				MACOSX_DEPLOYMENT_TARGET = 10.14;
				MARKETING_VERSION = 1.0;
				OTHER_LDFLAGS = (
					"-framework",
					SafariServices,
					"-framework",
					WebKit,
				);
				PRODUCT_BUNDLE_IDENTIFIER = "co.samser.samext.samext-safari";
				PRODUCT_NAME = "$(TARGET_NAME)";
				SWIFT_EMIT_LOC_STRINGS = YES;
				SWIFT_VERSION = 5.0;
			};
			name = Release;
		};
/* End XCBuildConfiguration section */

/* Begin XCConfigurationList section */
		039C2C832E6CB21100047336 /* Build configuration list for PBXProject "samext-safari" */ = {
			isa = XCConfigurationList;
			buildConfigurations = (
				039C2CAE2E6CB21200047336 /* Debug */,
				039C2CAF2E6CB21200047336 /* Release */,
			);
			defaultConfigurationIsVisible = 0;
			defaultConfigurationName = Release;
		};
		039C2CB02E6CB21200047336 /* Build configuration list for PBXNativeTarget "samext-safari Extension" */ = {
			isa = XCConfigurationList;
			buildConfigurations = (
				039C2CB12E6CB21200047336 /* Debug */,
				039C2CB22E6CB21200047336 /* Release */,
			);
			defaultConfigurationIsVisible = 0;
			defaultConfigurationName = Release;
		};
		039C2CB42E6CB21200047336 /* Build configuration list for PBXNativeTarget "samext-safari" */ = {
			isa = XCConfigurationList;
			buildConfigurations = (
				039C2CB52E6CB21200047336 /* Debug */,
				039C2CB62E6CB21200047336 /* Release */,
			);
			defaultConfigurationIsVisible = 0;
			defaultConfigurationName = Release;
		};
/* End XCConfigurationList section */
	};
	rootObject = 039C2C802E6CB21100047336 /* Project object */;
}
